
Microsoft Visual Studio Solution File, Format Version 12.00
# Visual Studio 15
VisualStudioVersion = 15.0.27004.2009
MinimumVisualStudioVersion = 10.0.40219.1
Project("{2150E333-8FDC-42A3-9474-1A3956D46DE8}") = "DNX", "DNX", "{5A3FA03D-A246-4CBC-B830-0D06C39A06B8}"
EndProject
Project("{FAE04EC0-301F-11D3-BF4B-00C04F79EFBC}") = "QuickStart.NameServer.DNXHost", "src\DNX\QuickStart.NameServer.DNXHost\QuickStart.NameServer.DNXHost.csproj", "{304BA035-4AFB-498D-8850-B7702E88F231}"
EndProject
Project("{FAE04EC0-301F-11D3-BF4B-00C04F79EFBC}") = "QuickStart.BrokerServer.DNXHost", "src\DNX\QuickStart.BrokerServer.DNXHost\QuickStart.BrokerServer.DNXHost.csproj", "{8CE7B31C-A42F-4EE9-AB11-3D99F448ED8E}"
EndProject
Global
	GlobalSection(SolutionConfigurationPlatforms) = preSolution
		Debug|Any CPU = Debug|Any CPU
		Release|Any CPU = Release|Any CPU
	EndGlobalSection
	GlobalSection(ProjectConfigurationPlatforms) = postSolution
		{304BA035-4AFB-498D-8850-B7702E88F231}.Debug|Any CPU.ActiveCfg = Debug|Any CPU
		{304BA035-4AFB-498D-8850-B7702E88F231}.Debug|Any CPU.Build.0 = Debug|Any CPU
		{304BA035-4AFB-498D-8850-B7702E88F231}.Release|Any CPU.ActiveCfg = Release|Any CPU
		{304BA035-4AFB-498D-8850-B7702E88F231}.Release|Any CPU.Build.0 = Release|Any CPU
		{8CE7B31C-A42F-4EE9-AB11-3D99F448ED8E}.Debug|Any CPU.ActiveCfg = Debug|Any CPU
		{8CE7B31C-A42F-4EE9-AB11-3D99F448ED8E}.Debug|Any CPU.Build.0 = Debug|Any CPU
		{8CE7B31C-A42F-4EE9-AB11-3D99F448ED8E}.Release|Any CPU.ActiveCfg = Release|Any CPU
		{8CE7B31C-A42F-4EE9-AB11-3D99F448ED8E}.Release|Any CPU.Build.0 = Release|Any CPU
	EndGlobalSection
	GlobalSection(SolutionProperties) = preSolution
		HideSolutionNode = FALSE
	EndGlobalSection
	GlobalSection(NestedProjects) = preSolution
		{304BA035-4AFB-498D-8850-B7702E88F231} = {5A3FA03D-A246-4CBC-B830-0D06C39A06B8}
		{8CE7B31C-A42F-4EE9-AB11-3D99F448ED8E} = {5A3FA03D-A246-4CBC-B830-0D06C39A06B8}
	EndGlobalSection
	GlobalSection(ExtensibilityGlobals) = postSolution
		SolutionGuid = {91C49ACD-E36E-4771-96FF-AD61F59A4F05}
	EndGlobalSection
EndGlobal
