
Microsoft Visual Studio Solution File, Format Version 12.00
# Visual Studio 15
VisualStudioVersion = 15.0.27004.2005
MinimumVisualStudioVersion = 10.0.40219.1
Project("{2150E333-8FDC-42A3-9474-1A3956D46DE8}") = "NFX", "NFX", "{58581FA1-B818-4D7F-A76E-DF7A0719DB6E}"
EndProject
Project("{FAE04EC0-301F-11D3-BF4B-00C04F79EFBC}") = "QuickStart.NameServer.NFXHost", "src\NFX\QuickStart.NameServer.NFXHost\QuickStart.NameServer.NFXHost.csproj", "{B0234B7E-E597-4D4C-9F09-32BBA2A1D765}"
EndProject
Project("{FAE04EC0-301F-11D3-BF4B-00C04F79EFBC}") = "QuickStart.BrokerServer.NFXHost", "src\NFX\QuickStart.BrokerServer.NFXHost\QuickStart.BrokerServer.NFXHost.csproj", "{3013C319-D731-4E8E-AF5C-6D52562E42BD}"
EndProject
Global
	GlobalSection(SolutionConfigurationPlatforms) = preSolution
		Debug|Any CPU = Debug|Any CPU
		Release|Any CPU = Release|Any CPU
	EndGlobalSection
	GlobalSection(ProjectConfigurationPlatforms) = postSolution
		{B0234B7E-E597-4D4C-9F09-32BBA2A1D765}.Debug|Any CPU.ActiveCfg = Debug|Any CPU
		{B0234B7E-E597-4D4C-9F09-32BBA2A1D765}.Debug|Any CPU.Build.0 = Debug|Any CPU
		{B0234B7E-E597-4D4C-9F09-32BBA2A1D765}.Release|Any CPU.ActiveCfg = Release|Any CPU
		{B0234B7E-E597-4D4C-9F09-32BBA2A1D765}.Release|Any CPU.Build.0 = Release|Any CPU
		{3013C319-D731-4E8E-AF5C-6D52562E42BD}.Debug|Any CPU.ActiveCfg = Debug|Any CPU
		{3013C319-D731-4E8E-AF5C-6D52562E42BD}.Debug|Any CPU.Build.0 = Debug|Any CPU
		{3013C319-D731-4E8E-AF5C-6D52562E42BD}.Release|Any CPU.ActiveCfg = Release|Any CPU
		{3013C319-D731-4E8E-AF5C-6D52562E42BD}.Release|Any CPU.Build.0 = Release|Any CPU
	EndGlobalSection
	GlobalSection(SolutionProperties) = preSolution
		HideSolutionNode = FALSE
	EndGlobalSection
	GlobalSection(NestedProjects) = preSolution
		{B0234B7E-E597-4D4C-9F09-32BBA2A1D765} = {58581FA1-B818-4D7F-A76E-DF7A0719DB6E}
		{3013C319-D731-4E8E-AF5C-6D52562E42BD} = {58581FA1-B818-4D7F-A76E-DF7A0719DB6E}
	EndGlobalSection
	GlobalSection(ExtensibilityGlobals) = postSolution
		SolutionGuid = {91C49ACD-E36E-4771-96FF-AD61F59A4F05}
	EndGlobalSection
EndGlobal
