
Microsoft Visual Studio Solution File, Format Version 12.00
# Visual Studio 15
VisualStudioVersion = 15.0.27004.2009
MinimumVisualStudioVersion = 10.0.40219.1
Project("{FAE04EC0-301F-11D3-BF4B-00C04F79EFBC}") = "QuickStart.BrokerServerHost", "src\QuickStart.BrokerServerHost\QuickStart.BrokerServerHost.csproj", "{211F8048-5D9E-45D4-AFD2-BFCF9B141587}"
EndProject
Project("{FAE04EC0-301F-11D3-BF4B-00C04F79EFBC}") = "QuickStart.NameServerHost", "src\QuickStart.NameServerHost\QuickStart.NameServerHost.csproj", "{AB201CAF-9ABA-4BF6-9E26-6E07079F7A35}"
EndProject
Global
	GlobalSection(SolutionConfigurationPlatforms) = preSolution
		Debug|Any CPU = Debug|Any CPU
		Release|Any CPU = Release|Any CPU
	EndGlobalSection
	GlobalSection(ProjectConfigurationPlatforms) = postSolution
		{211F8048-5D9E-45D4-AFD2-BFCF9B141587}.Debug|Any CPU.ActiveCfg = Debug|Any CPU
		{211F8048-5D9E-45D4-AFD2-BFCF9B141587}.Debug|Any CPU.Build.0 = Debug|Any CPU
		{211F8048-5D9E-45D4-AFD2-BFCF9B141587}.Release|Any CPU.ActiveCfg = Release|Any CPU
		{211F8048-5D9E-45D4-AFD2-BFCF9B141587}.Release|Any CPU.Build.0 = Release|Any CPU
		{AB201CAF-9ABA-4BF6-9E26-6E07079F7A35}.Debug|Any CPU.ActiveCfg = Debug|Any CPU
		{AB201CAF-9ABA-4BF6-9E26-6E07079F7A35}.Debug|Any CPU.Build.0 = Debug|Any CPU
		{AB201CAF-9ABA-4BF6-9E26-6E07079F7A35}.Release|Any CPU.ActiveCfg = Release|Any CPU
		{AB201CAF-9ABA-4BF6-9E26-6E07079F7A35}.Release|Any CPU.Build.0 = Release|Any CPU
	EndGlobalSection
	GlobalSection(SolutionProperties) = preSolution
		HideSolutionNode = FALSE
	EndGlobalSection
	GlobalSection(ExtensibilityGlobals) = postSolution
		SolutionGuid = {91C49ACD-E36E-4771-96FF-AD61F59A4F05}
	EndGlobalSection
EndGlobal
